
Microsoft Visual Studio Solution File, Format Version 12.00
# Visual Studio Version 17
VisualStudioVersion = 17.11.35431.28
MinimumVisualStudioVersion = 10.0.40219.1
Project("{FAE04EC0-301F-11D3-BF4B-00C04F79EFBC}") = "Ping", "Ping.csproj", "{B117B65B-B638-4CD4-902E-61255CBD1C7A}"
EndProject
Global
	GlobalSection(SolutionConfigurationPlatforms) = preSolution
		Debug|Any CPU = Debug|Any CPU
		Release|Any CPU = Release|Any CPU
	EndGlobalSection
	GlobalSection(ProjectConfigurationPlatforms) = postSolution
		{B117B65B-B638-4CD4-902E-61255CBD1C7A}.Debug|Any CPU.ActiveCfg = Debug|Any CPU
		{B117B65B-B638-4CD4-902E-61255CBD1C7A}.Debug|Any CPU.Build.0 = Debug|Any CPU
		{B117B65B-B638-4CD4-902E-61255CBD1C7A}.Release|Any CPU.ActiveCfg = Release|Any CPU
		{B117B65B-B638-4CD4-902E-61255CBD1C7A}.Release|Any CPU.Build.0 = Release|Any CPU
	EndGlobalSection
	GlobalSection(SolutionProperties) = preSolution
		HideSolutionNode = FALSE
	EndGlobalSection
	GlobalSection(ExtensibilityGlobals) = postSolution
		SolutionGuid = {3C99D2C3-88FF-40A0-BE8D-69672A9C0AA0}
	EndGlobalSection
EndGlobal
